
Microsoft Visual Studio Solution File, Format Version 12.00
# Visual Studio Version 16
VisualStudioVersion = 25.0.1706.0
MinimumVisualStudioVersion = 10.0.40219.1
Project("{FAE04EC0-301F-11D3-BF4B-00C04F79EFBC}") = "ritweek.solution.webapi", "ritweek.solution.webapi\ritweek.solution.webapi.csproj", "{08E0814B-779A-4DCA-B069-6060BD48D2A4}"
EndProject
Global
	GlobalSection(SolutionConfigurationPlatforms) = preSolution
		Debug|Any CPU = Debug|Any CPU
		Release|Any CPU = Release|Any CPU
	EndGlobalSection
	GlobalSection(ProjectConfigurationPlatforms) = postSolution
		{08E0814B-779A-4DCA-B069-6060BD48D2A4}.Debug|Any CPU.ActiveCfg = Debug|Any CPU
		{08E0814B-779A-4DCA-B069-6060BD48D2A4}.Debug|Any CPU.Build.0 = Debug|Any CPU
		{08E0814B-779A-4DCA-B069-6060BD48D2A4}.Release|Any CPU.ActiveCfg = Release|Any CPU
		{08E0814B-779A-4DCA-B069-6060BD48D2A4}.Release|Any CPU.Build.0 = Release|Any CPU
	EndGlobalSection
	GlobalSection(SolutionProperties) = preSolution
		HideSolutionNode = FALSE
	EndGlobalSection
	GlobalSection(ExtensibilityGlobals) = postSolution
		SolutionGuid = {A513D8C9-8303-466A-BF46-191977E0BE67}
	EndGlobalSection
EndGlobal
